
Microsoft Visual Studio Solution File, Format Version 12.00
# Visual Studio Version 16
VisualStudioVersion = 16.0.29709.97
MinimumVisualStudioVersion = 10.0.40219.1
Project("{8BC9CEB8-8B4A-11D0-8D11-00A0C91BC942}") = "Tests", "Tests.vcxproj", "{C4F1119A-17F3-4185-808F-058EF06273ED}"
	ProjectSection(ProjectDependencies) = postProject
		{38C6A8E6-66BB-4044-BA79-C899D3243205} = {38C6A8E6-66BB-4044-BA79-C899D3243205}
	EndProjectSection
EndProject
Project("{8BC9CEB8-8B4A-11D0-8D11-00A0C91BC942}") = "distormx", "..\build\win32\distormx.vcxproj", "{38C6A8E6-66BB-4044-BA79-C899D3243205}"
EndProject
Global
	GlobalSection(SolutionConfigurationPlatforms) = preSolution
		Debug|x64 = Debug|x64
		Debug|x86 = Debug|x86
		Release|x64 = Release|x64
		Release|x86 = Release|x86
	EndGlobalSection
	GlobalSection(ProjectConfigurationPlatforms) = postSolution
		{C4F1119A-17F3-4185-808F-058EF06273ED}.Debug|x64.ActiveCfg = Debug|x64
		{C4F1119A-17F3-4185-808F-058EF06273ED}.Debug|x64.Build.0 = Debug|x64
		{C4F1119A-17F3-4185-808F-058EF06273ED}.Debug|x86.ActiveCfg = Debug|Win32
		{C4F1119A-17F3-4185-808F-058EF06273ED}.Debug|x86.Build.0 = Debug|Win32
		{C4F1119A-17F3-4185-808F-058EF06273ED}.Release|x64.ActiveCfg = Release|x64
		{C4F1119A-17F3-4185-808F-058EF06273ED}.Release|x64.Build.0 = Release|x64
		{C4F1119A-17F3-4185-808F-058EF06273ED}.Release|x86.ActiveCfg = Release|Win32
		{C4F1119A-17F3-4185-808F-058EF06273ED}.Release|x86.Build.0 = Release|Win32
		{38C6A8E6-66BB-4044-BA79-C899D3243205}.Debug|x64.ActiveCfg = Debug|x64
		{38C6A8E6-66BB-4044-BA79-C899D3243205}.Debug|x64.Build.0 = Debug|x64
		{38C6A8E6-66BB-4044-BA79-C899D3243205}.Debug|x86.ActiveCfg = Debug|Win32
		{38C6A8E6-66BB-4044-BA79-C899D3243205}.Debug|x86.Build.0 = Debug|Win32
		{38C6A8E6-66BB-4044-BA79-C899D3243205}.Release|x64.ActiveCfg = Release|x64
		{38C6A8E6-66BB-4044-BA79-C899D3243205}.Release|x64.Build.0 = Release|x64
		{38C6A8E6-66BB-4044-BA79-C899D3243205}.Release|x86.ActiveCfg = Release|Win32
		{38C6A8E6-66BB-4044-BA79-C899D3243205}.Release|x86.Build.0 = Release|Win32
	EndGlobalSection
	GlobalSection(SolutionProperties) = preSolution
		HideSolutionNode = FALSE
	EndGlobalSection
	GlobalSection(ExtensibilityGlobals) = postSolution
		SolutionGuid = {C3BCCE38-AEB3-4DFD-BE88-0B2CC0D0E9E3}
	EndGlobalSection
EndGlobal
